{
  "object": {
    "pins": [
      {
        "package": "iTunesCatalogLite-API",
        "repositoryURL": "https://github.com/rajeejones/iTunesCatalogLite-API",
        "state": {
          "branch": null,
          "revision": "824cba6c364ea2c28a8c400c18ee46fde702ca7f",
          "version": "2.1.1"
        }
      }
    ]
  },
  "version": 1
}
