{
  "object": {
    "pins": [
      {
        "package": "iTunesCatalogLite-API",
        "repositoryURL": "https://github.com/rajeejones/iTunesCatalogLite-API",
        "state": {
          "branch": null,
          "revision": "0d6f2656fad60bba63ebe0cda72c4665d3daeb98",
          "version": "2.0.0"
        }
      }
    ]
  },
  "version": 1
}
