// !$*UTF8*$!
{
	archiveVersion = 1;
	classes = {
	};
	objectVersion = 52;
	objects = {

/* Begin PBXBuildFile section */
		C8A05D922433E7F700FD2345 /* AppDelegate.swift in Sources */ = {isa = PBXBuildFile; fileRef = C8A05D912433E7F700FD2345 /* AppDelegate.swift */; };
		C8A05D942433E7F700FD2345 /* SceneDelegate.swift in Sources */ = {isa = PBXBuildFile; fileRef = C8A05D932433E7F700FD2345 /* SceneDelegate.swift */; };
		C8A05D962433E7F700FD2345 /* ViewController.swift in Sources */ = {isa = PBXBuildFile; fileRef = C8A05D952433E7F700FD2345 /* ViewController.swift */; };
		C8A05D992433E7F700FD2345 /* Main.storyboard in Resources */ = {isa = PBXBuildFile; fileRef = C8A05D972433E7F700FD2345 /* Main.storyboard */; };
		C8A05D9B2433E7FA00FD2345 /* Assets.xcassets in Resources */ = {isa = PBXBuildFile; fileRef = C8A05D9A2433E7FA00FD2345 /* Assets.xcassets */; };
		C8A05D9E2433E7FA00FD2345 /* LaunchScreen.storyboard in Resources */ = {isa = PBXBuildFile; fileRef = C8A05D9C2433E7FA00FD2345 /* LaunchScreen.storyboard */; };
		C8A05DA92433E7FA00FD2345 /* iTunesCatalogLiteTests.swift in Sources */ = {isa = PBXBuildFile; fileRef = C8A05DA82433E7FA00FD2345 /* iTunesCatalogLiteTests.swift */; };
		C8A05DB52433E86C00FD2345 /* iTunesCatalogLite-API in Frameworks */ = {isa = PBXBuildFile; productRef = C8A05DB42433E86C00FD2345 /* iTunesCatalogLite-API */; };
/* End PBXBuildFile section */

/* Begin PBXContainerItemProxy section */
		C8A05DA52433E7FA00FD2345 /* PBXContainerItemProxy */ = {
			isa = PBXContainerItemProxy;
			containerPortal = C8A05D862433E7F700FD2345 /* Project object */;
			proxyType = 1;
			remoteGlobalIDString = C8A05D8D2433E7F700FD2345;
			remoteInfo = iTunesCatalogLite;
		};
/* End PBXContainerItemProxy section */

/* Begin PBXFileReference section */
		C8A05D8E2433E7F700FD2345 /* iTunesCatalogLite.app */ = {isa = PBXFileReference; explicitFileType = wrapper.application; includeInIndex = 0; path = iTunesCatalogLite.app; sourceTree = BUILT_PRODUCTS_DIR; };
		C8A05D912433E7F700FD2345 /* AppDelegate.swift */ = {isa = PBXFileReference; lastKnownFileType = sourcecode.swift; path = AppDelegate.swift; sourceTree = "<group>"; };
		C8A05D932433E7F700FD2345 /* SceneDelegate.swift */ = {isa = PBXFileReference; lastKnownFileType = sourcecode.swift; path = SceneDelegate.swift; sourceTree = "<group>"; };
		C8A05D952433E7F700FD2345 /* ViewController.swift */ = {isa = PBXFileReference; lastKnownFileType = sourcecode.swift; path = ViewController.swift; sourceTree = "<group>"; };
		C8A05D982433E7F700FD2345 /* Base */ = {isa = PBXFileReference; lastKnownFileType = file.storyboard; name = Base; path = Base.lproj/Main.storyboard; sourceTree = "<group>"; };
		C8A05D9A2433E7FA00FD2345 /* Assets.xcassets */ = {isa = PBXFileReference; lastKnownFileType = folder.assetcatalog; path = Assets.xcassets; sourceTree = "<group>"; };
		C8A05D9D2433E7FA00FD2345 /* Base */ = {isa = PBXFileReference; lastKnownFileType = file.storyboard; name = Base; path = Base.lproj/LaunchScreen.storyboard; sourceTree = "<group>"; };
		C8A05D9F2433E7FA00FD2345 /* Info.plist */ = {isa = PBXFileReference; lastKnownFileType = text.plist.xml; path = Info.plist; sourceTree = "<group>"; };
		C8A05DA42433E7FA00FD2345 /* iTunesCatalogLiteTests.xctest */ = {isa = PBXFileReference; explicitFileType = wrapper.cfbundle; includeInIndex = 0; path = iTunesCatalogLiteTests.xctest; sourceTree = BUILT_PRODUCTS_DIR; };
		C8A05DA82433E7FA00FD2345 /* iTunesCatalogLiteTests.swift */ = {isa = PBXFileReference; lastKnownFileType = sourcecode.swift; path = iTunesCatalogLiteTests.swift; sourceTree = "<group>"; };
		C8A05DAA2433E7FB00FD2345 /* Info.plist */ = {isa = PBXFileReference; lastKnownFileType = text.plist.xml; path = Info.plist; sourceTree = "<group>"; };
/* End PBXFileReference section */

/* Begin PBXFrameworksBuildPhase section */
		C8A05D8B2433E7F700FD2345 /* Frameworks */ = {
			isa = PBXFrameworksBuildPhase;
			buildActionMask = 2147483647;
			files = (
				C8A05DB52433E86C00FD2345 /* iTunesCatalogLite-API in Frameworks */,
			);
			runOnlyForDeploymentPostprocessing = 0;
		};
		C8A05DA12433E7FA00FD2345 /* Frameworks */ = {
			isa = PBXFrameworksBuildPhase;
			buildActionMask = 2147483647;
			files = (
			);
			runOnlyForDeploymentPostprocessing = 0;
		};
/* End PBXFrameworksBuildPhase section */

/* Begin PBXGroup section */
		C8A05D852433E7F700FD2345 = {
			isa = PBXGroup;
			children = (
				C8A05D902433E7F700FD2345 /* iTunesCatalogLite */,
				C8A05DA72433E7FA00FD2345 /* iTunesCatalogLiteTests */,
				C8A05D8F2433E7F700FD2345 /* Products */,
			);
			sourceTree = "<group>";
		};
		C8A05D8F2433E7F700FD2345 /* Products */ = {
			isa = PBXGroup;
			children = (
				C8A05D8E2433E7F700FD2345 /* iTunesCatalogLite.app */,
				C8A05DA42433E7FA00FD2345 /* iTunesCatalogLiteTests.xctest */,
			);
			name = Products;
			sourceTree = "<group>";
		};
		C8A05D902433E7F700FD2345 /* iTunesCatalogLite */ = {
			isa = PBXGroup;
			children = (
				C8A05D912433E7F700FD2345 /* AppDelegate.swift */,
				C8A05D932433E7F700FD2345 /* SceneDelegate.swift */,
				C8A05D952433E7F700FD2345 /* ViewController.swift */,
				C8A05D972433E7F700FD2345 /* Main.storyboard */,
				C8A05D9A2433E7FA00FD2345 /* Assets.xcassets */,
				C8A05D9C2433E7FA00FD2345 /* LaunchScreen.storyboard */,
				C8A05D9F2433E7FA00FD2345 /* Info.plist */,
			);
			path = iTunesCatalogLite;
			sourceTree = "<group>";
		};
		C8A05DA72433E7FA00FD2345 /* iTunesCatalogLiteTests */ = {
			isa = PBXGroup;
			children = (
				C8A05DA82433E7FA00FD2345 /* iTunesCatalogLiteTests.swift */,
				C8A05DAA2433E7FB00FD2345 /* Info.plist */,
			);
			path = iTunesCatalogLiteTests;
			sourceTree = "<group>";
		};
/* End PBXGroup section */

/* Begin PBXNativeTarget section */
		C8A05D8D2433E7F700FD2345 /* iTunesCatalogLite */ = {
			isa = PBXNativeTarget;
			buildConfigurationList = C8A05DAD2433E7FB00FD2345 /* Build configuration list for PBXNativeTarget "iTunesCatalogLite" */;
			buildPhases = (
				C8A05D8A2433E7F700FD2345 /* Sources */,
				C8A05D8B2433E7F700FD2345 /* Frameworks */,
				C8A05D8C2433E7F700FD2345 /* Resources */,
			);
			buildRules = (
			);
			dependencies = (
			);
			name = iTunesCatalogLite;
			packageProductDependencies = (
				C8A05DB42433E86C00FD2345 /* iTunesCatalogLite-API */,
			);
			productName = iTunesCatalogLite;
			productReference = C8A05D8E2433E7F700FD2345 /* iTunesCatalogLite.app */;
			productType = "com.apple.product-type.application";
		};
		C8A05DA32433E7FA00FD2345 /* iTunesCatalogLiteTests */ = {
			isa = PBXNativeTarget;
			buildConfigurationList = C8A05DB02433E7FB00FD2345 /* Build configuration list for PBXNativeTarget "iTunesCatalogLiteTests" */;
			buildPhases = (
				C8A05DA02433E7FA00FD2345 /* Sources */,
				C8A05DA12433E7FA00FD2345 /* Frameworks */,
				C8A05DA22433E7FA00FD2345 /* Resources */,
			);
			buildRules = (
			);
			dependencies = (
				C8A05DA62433E7FA00FD2345 /* PBXTargetDependency */,
			);
			name = iTunesCatalogLiteTests;
			productName = iTunesCatalogLiteTests;
			productReference = C8A05DA42433E7FA00FD2345 /* iTunesCatalogLiteTests.xctest */;
			productType = "com.apple.product-type.bundle.unit-test";
		};
/* End PBXNativeTarget section */

/* Begin PBXProject section */
		C8A05D862433E7F700FD2345 /* Project object */ = {
			isa = PBXProject;
			attributes = {
				LastSwiftUpdateCheck = 1130;
				LastUpgradeCheck = 1130;
				ORGANIZATIONNAME = OldMoonStudios;
				TargetAttributes = {
					C8A05D8D2433E7F700FD2345 = {
						CreatedOnToolsVersion = 11.3.1;
					};
					C8A05DA32433E7FA00FD2345 = {
						CreatedOnToolsVersion = 11.3.1;
						TestTargetID = C8A05D8D2433E7F700FD2345;
					};
				};
			};
			buildConfigurationList = C8A05D892433E7F700FD2345 /* Build configuration list for PBXProject "iTunesCatalogLite" */;
			compatibilityVersion = "Xcode 9.3";
			developmentRegion = en;
			hasScannedForEncodings = 0;
			knownRegions = (
				en,
				Base,
			);
			mainGroup = C8A05D852433E7F700FD2345;
			packageReferences = (
				C8A05DB32433E86C00FD2345 /* XCRemoteSwiftPackageReference "iTunesCatalogLite-API" */,
			);
			productRefGroup = C8A05D8F2433E7F700FD2345 /* Products */;
			projectDirPath = "";
			projectRoot = "";
			targets = (
				C8A05D8D2433E7F700FD2345 /* iTunesCatalogLite */,
				C8A05DA32433E7FA00FD2345 /* iTunesCatalogLiteTests */,
			);
		};
/* End PBXProject section */

/* Begin PBXResourcesBuildPhase section */
		C8A05D8C2433E7F700FD2345 /* Resources */ = {
			isa = PBXResourcesBuildPhase;
			buildActionMask = 2147483647;
			files = (
				C8A05D9E2433E7FA00FD2345 /* LaunchScreen.storyboard in Resources */,
				C8A05D9B2433E7FA00FD2345 /* Assets.xcassets in Resources */,
				C8A05D992433E7F700FD2345 /* Main.storyboard in Resources */,
			);
			runOnlyForDeploymentPostprocessing = 0;
		};
		C8A05DA22433E7FA00FD2345 /* Resources */ = {
			isa = PBXResourcesBuildPhase;
			buildActionMask = 2147483647;
			files = (
			);
			runOnlyForDeploymentPostprocessing = 0;
		};
/* End PBXResourcesBuildPhase section */

/* Begin PBXSourcesBuildPhase section */
		C8A05D8A2433E7F700FD2345 /* Sources */ = {
			isa = PBXSourcesBuildPhase;
			buildActionMask = 2147483647;
			files = (
				C8A05D962433E7F700FD2345 /* ViewController.swift in Sources */,
				C8A05D922433E7F700FD2345 /* AppDelegate.swift in Sources */,
				C8A05D942433E7F700FD2345 /* SceneDelegate.swift in Sources */,
			);
			runOnlyForDeploymentPostprocessing = 0;
		};
		C8A05DA02433E7FA00FD2345 /* Sources */ = {
			isa = PBXSourcesBuildPhase;
			buildActionMask = 2147483647;
			files = (
				C8A05DA92433E7FA00FD2345 /* iTunesCatalogLiteTests.swift in Sources */,
			);
			runOnlyForDeploymentPostprocessing = 0;
		};
/* End PBXSourcesBuildPhase section */

/* Begin PBXTargetDependency section */
		C8A05DA62433E7FA00FD2345 /* PBXTargetDependency */ = {
			isa = PBXTargetDependency;
			target = C8A05D8D2433E7F700FD2345 /* iTunesCatalogLite */;
			targetProxy = C8A05DA52433E7FA00FD2345 /* PBXContainerItemProxy */;
		};
/* End PBXTargetDependency section */

/* Begin PBXVariantGroup section */
		C8A05D972433E7F700FD2345 /* Main.storyboard */ = {
			isa = PBXVariantGroup;
			children = (
				C8A05D982433E7F700FD2345 /* Base */,
			);
			name = Main.storyboard;
			sourceTree = "<group>";
		};
		C8A05D9C2433E7FA00FD2345 /* LaunchScreen.storyboard */ = {
			isa = PBXVariantGroup;
			children = (
				C8A05D9D2433E7FA00FD2345 /* Base */,
			);
			name = LaunchScreen.storyboard;
			sourceTree = "<group>";
		};
/* End PBXVariantGroup section */

/* Begin XCBuildConfiguration section */
		C8A05DAB2433E7FB00FD2345 /* Debug */ = {
			isa = XCBuildConfiguration;
			buildSettings = {
				ALWAYS_SEARCH_USER_PATHS = NO;
				CLANG_ANALYZER_NONNULL = YES;
				CLANG_ANALYZER_NUMBER_OBJECT_CONVERSION = YES_AGGRESSIVE;
				CLANG_CXX_LANGUAGE_STANDARD = "gnu++14";
				CLANG_CXX_LIBRARY = "libc++";
				CLANG_ENABLE_MODULES = YES;
				CLANG_ENABLE_OBJC_ARC = YES;
				CLANG_ENABLE_OBJC_WEAK = YES;
				CLANG_WARN_BLOCK_CAPTURE_AUTORELEASING = YES;
				CLANG_WARN_BOOL_CONVERSION = YES;
				CLANG_WARN_COMMA = YES;
				CLANG_WARN_CONSTANT_CONVERSION = YES;
				CLANG_WARN_DEPRECATED_OBJC_IMPLEMENTATIONS = YES;
				CLANG_WARN_DIRECT_OBJC_ISA_USAGE = YES_ERROR;
				CLANG_WARN_DOCUMENTATION_COMMENTS = YES;
				CLANG_WARN_EMPTY_BODY = YES;
				CLANG_WARN_ENUM_CONVERSION = YES;
				CLANG_WARN_INFINITE_RECURSION = YES;
				CLANG_WARN_INT_CONVERSION = YES;
				CLANG_WARN_NON_LITERAL_NULL_CONVERSION = YES;
				CLANG_WARN_OBJC_IMPLICIT_RETAIN_SELF = YES;
				CLANG_WARN_OBJC_LITERAL_CONVERSION = YES;
				CLANG_WARN_OBJC_ROOT_CLASS = YES_ERROR;
				CLANG_WARN_RANGE_LOOP_ANALYSIS = YES;
				CLANG_WARN_STRICT_PROTOTYPES = YES;
				CLANG_WARN_SUSPICIOUS_MOVE = YES;
				CLANG_WARN_UNGUARDED_AVAILABILITY = YES_AGGRESSIVE;
				CLANG_WARN_UNREACHABLE_CODE = YES;
				CLANG_WARN__DUPLICATE_METHOD_MATCH = YES;
				COPY_PHASE_STRIP = NO;
				DEBUG_INFORMATION_FORMAT = dwarf;
				ENABLE_STRICT_OBJC_MSGSEND = YES;
				ENABLE_TESTABILITY = YES;
				GCC_C_LANGUAGE_STANDARD = gnu11;
				GCC_DYNAMIC_NO_PIC = NO;
				GCC_NO_COMMON_BLOCKS = YES;
				GCC_OPTIMIZATION_LEVEL = 0;
				GCC_PREPROCESSOR_DEFINITIONS = (
					"DEBUG=1",
					"$(inherited)",
				);
				GCC_WARN_64_TO_32_BIT_CONVERSION = YES;
				GCC_WARN_ABOUT_RETURN_TYPE = YES_ERROR;
				GCC_WARN_UNDECLARED_SELECTOR = YES;
				GCC_WARN_UNINITIALIZED_AUTOS = YES_AGGRESSIVE;
				GCC_WARN_UNUSED_FUNCTION = YES;
				GCC_WARN_UNUSED_VARIABLE = YES;
				IPHONEOS_DEPLOYMENT_TARGET = 13.2;
				MTL_ENABLE_DEBUG_INFO = INCLUDE_SOURCE;
				MTL_FAST_MATH = YES;
				ONLY_ACTIVE_ARCH = YES;
				SDKROOT = iphoneos;
				SWIFT_ACTIVE_COMPILATION_CONDITIONS = DEBUG;
				SWIFT_OPTIMIZATION_LEVEL = "-Onone";
			};
			name = Debug;
		};
		C8A05DAC2433E7FB00FD2345 /* Release */ = {
			isa = XCBuildConfiguration;
			buildSettings = {
				ALWAYS_SEARCH_USER_PATHS = NO;
				CLANG_ANALYZER_NONNULL = YES;
				CLANG_ANALYZER_NUMBER_OBJECT_CONVERSION = YES_AGGRESSIVE;
				CLANG_CXX_LANGUAGE_STANDARD = "gnu++14";
				CLANG_CXX_LIBRARY = "libc++";
				CLANG_ENABLE_MODULES = YES;
				CLANG_ENABLE_OBJC_ARC = YES;
				CLANG_ENABLE_OBJC_WEAK = YES;
				CLANG_WARN_BLOCK_CAPTURE_AUTORELEASING = YES;
				CLANG_WARN_BOOL_CONVERSION = YES;
				CLANG_WARN_COMMA = YES;
				CLANG_WARN_CONSTANT_CONVERSION = YES;
				CLANG_WARN_DEPRECATED_OBJC_IMPLEMENTATIONS = YES;
				CLANG_WARN_DIRECT_OBJC_ISA_USAGE = YES_ERROR;
				CLANG_WARN_DOCUMENTATION_COMMENTS = YES;
				CLANG_WARN_EMPTY_BODY = YES;
				CLANG_WARN_ENUM_CONVERSION = YES;
				CLANG_WARN_INFINITE_RECURSION = YES;
				CLANG_WARN_INT_CONVERSION = YES;
				CLANG_WARN_NON_LITERAL_NULL_CONVERSION = YES;
				CLANG_WARN_OBJC_IMPLICIT_RETAIN_SELF = YES;
				CLANG_WARN_OBJC_LITERAL_CONVERSION = YES;
				CLANG_WARN_OBJC_ROOT_CLASS = YES_ERROR;
				CLANG_WARN_RANGE_LOOP_ANALYSIS = YES;
				CLANG_WARN_STRICT_PROTOTYPES = YES;
				CLANG_WARN_SUSPICIOUS_MOVE = YES;
				CLANG_WARN_UNGUARDED_AVAILABILITY = YES_AGGRESSIVE;
				CLANG_WARN_UNREACHABLE_CODE = YES;
				CLANG_WARN__DUPLICATE_METHOD_MATCH = YES;
				COPY_PHASE_STRIP = NO;
				DEBUG_INFORMATION_FORMAT = "dwarf-with-dsym";
				ENABLE_NS_ASSERTIONS = NO;
				ENABLE_STRICT_OBJC_MSGSEND = YES;
				GCC_C_LANGUAGE_STANDARD = gnu11;
				GCC_NO_COMMON_BLOCKS = YES;
				GCC_WARN_64_TO_32_BIT_CONVERSION = YES;
				GCC_WARN_ABOUT_RETURN_TYPE = YES_ERROR;
				GCC_WARN_UNDECLARED_SELECTOR = YES;
				GCC_WARN_UNINITIALIZED_AUTOS = YES_AGGRESSIVE;
				GCC_WARN_UNUSED_FUNCTION = YES;
				GCC_WARN_UNUSED_VARIABLE = YES;
				IPHONEOS_DEPLOYMENT_TARGET = 13.2;
				MTL_ENABLE_DEBUG_INFO = NO;
				MTL_FAST_MATH = YES;
				SDKROOT = iphoneos;
				SWIFT_COMPILATION_MODE = wholemodule;
				SWIFT_OPTIMIZATION_LEVEL = "-O";
				VALIDATE_PRODUCT = YES;
			};
			name = Release;
		};
		C8A05DAE2433E7FB00FD2345 /* Debug */ = {
			isa = XCBuildConfiguration;
			buildSettings = {
				ASSETCATALOG_COMPILER_APPICON_NAME = AppIcon;
				CODE_SIGN_STYLE = Automatic;
				DEVELOPMENT_TEAM = X3D8R87M2B;
				INFOPLIST_FILE = iTunesCatalogLite/Info.plist;
				LD_RUNPATH_SEARCH_PATHS = (
					"$(inherited)",
					"@executable_path/Frameworks",
				);
				PRODUCT_BUNDLE_IDENTIFIER = com.oms.iTunesCatalogLite;
				PRODUCT_NAME = "$(TARGET_NAME)";
				SWIFT_VERSION = 5.0;
				TARGETED_DEVICE_FAMILY = "1,2";
			};
			name = Debug;
		};
		C8A05DAF2433E7FB00FD2345 /* Release */ = {
			isa = XCBuildConfiguration;
			buildSettings = {
				ASSETCATALOG_COMPILER_APPICON_NAME = AppIcon;
				CODE_SIGN_STYLE = Automatic;
				DEVELOPMENT_TEAM = X3D8R87M2B;
				INFOPLIST_FILE = iTunesCatalogLite/Info.plist;
				LD_RUNPATH_SEARCH_PATHS = (
					"$(inherited)",
					"@executable_path/Frameworks",
				);
				PRODUCT_BUNDLE_IDENTIFIER = com.oms.iTunesCatalogLite;
				PRODUCT_NAME = "$(TARGET_NAME)";
				SWIFT_VERSION = 5.0;
				TARGETED_DEVICE_FAMILY = "1,2";
			};
			name = Release;
		};
		C8A05DB12433E7FB00FD2345 /* Debug */ = {
			isa = XCBuildConfiguration;
			buildSettings = {
				ALWAYS_EMBED_SWIFT_STANDARD_LIBRARIES = YES;
				BUNDLE_LOADER = "$(TEST_HOST)";
				CODE_SIGN_STYLE = Automatic;
				DEVELOPMENT_TEAM = X3D8R87M2B;
				INFOPLIST_FILE = iTunesCatalogLiteTests/Info.plist;
				IPHONEOS_DEPLOYMENT_TARGET = 13.2;
				LD_RUNPATH_SEARCH_PATHS = (
					"$(inherited)",
					"@executable_path/Frameworks",
					"@loader_path/Frameworks",
				);
				PRODUCT_BUNDLE_IDENTIFIER = com.oms.iTunesCatalogLiteTests;
				PRODUCT_NAME = "$(TARGET_NAME)";
				SWIFT_VERSION = 5.0;
				TARGETED_DEVICE_FAMILY = "1,2";
				TEST_HOST = "$(BUILT_PRODUCTS_DIR)/iTunesCatalogLite.app/iTunesCatalogLite";
			};
			name = Debug;
		};
		C8A05DB22433E7FB00FD2345 /* Release */ = {
			isa = XCBuildConfiguration;
			buildSettings = {
				ALWAYS_EMBED_SWIFT_STANDARD_LIBRARIES = YES;
				BUNDLE_LOADER = "$(TEST_HOST)";
				CODE_SIGN_STYLE = Automatic;
				DEVELOPMENT_TEAM = X3D8R87M2B;
				INFOPLIST_FILE = iTunesCatalogLiteTests/Info.plist;
				IPHONEOS_DEPLOYMENT_TARGET = 13.2;
				LD_RUNPATH_SEARCH_PATHS = (
					"$(inherited)",
					"@executable_path/Frameworks",
					"@loader_path/Frameworks",
				);
				PRODUCT_BUNDLE_IDENTIFIER = com.oms.iTunesCatalogLiteTests;
				PRODUCT_NAME = "$(TARGET_NAME)";
				SWIFT_VERSION = 5.0;
				TARGETED_DEVICE_FAMILY = "1,2";
				TEST_HOST = "$(BUILT_PRODUCTS_DIR)/iTunesCatalogLite.app/iTunesCatalogLite";
			};
			name = Release;
		};
/* End XCBuildConfiguration section */

/* Begin XCConfigurationList section */
		C8A05D892433E7F700FD2345 /* Build configuration list for PBXProject "iTunesCatalogLite" */ = {
			isa = XCConfigurationList;
			buildConfigurations = (
				C8A05DAB2433E7FB00FD2345 /* Debug */,
				C8A05DAC2433E7FB00FD2345 /* Release */,
			);
			defaultConfigurationIsVisible = 0;
			defaultConfigurationName = Release;
		};
		C8A05DAD2433E7FB00FD2345 /* Build configuration list for PBXNativeTarget "iTunesCatalogLite" */ = {
			isa = XCConfigurationList;
			buildConfigurations = (
				C8A05DAE2433E7FB00FD2345 /* Debug */,
				C8A05DAF2433E7FB00FD2345 /* Release */,
			);
			defaultConfigurationIsVisible = 0;
			defaultConfigurationName = Release;
		};
		C8A05DB02433E7FB00FD2345 /* Build configuration list for PBXNativeTarget "iTunesCatalogLiteTests" */ = {
			isa = XCConfigurationList;
			buildConfigurations = (
				C8A05DB12433E7FB00FD2345 /* Debug */,
				C8A05DB22433E7FB00FD2345 /* Release */,
			);
			defaultConfigurationIsVisible = 0;
			defaultConfigurationName = Release;
		};
/* End XCConfigurationList section */

/* Begin XCRemoteSwiftPackageReference section */
		C8A05DB32433E86C00FD2345 /* XCRemoteSwiftPackageReference "iTunesCatalogLite-API" */ = {
			isa = XCRemoteSwiftPackageReference;
			repositoryURL = "https://github.com/rajeejones/iTunesCatalogLite-API";
			requirement = {
				kind = upToNextMajorVersion;
				minimumVersion = 1.0.0;
			};
		};
/* End XCRemoteSwiftPackageReference section */

/* Begin XCSwiftPackageProductDependency section */
		C8A05DB42433E86C00FD2345 /* iTunesCatalogLite-API */ = {
			isa = XCSwiftPackageProductDependency;
			package = C8A05DB32433E86C00FD2345 /* XCRemoteSwiftPackageReference "iTunesCatalogLite-API" */;
			productName = "iTunesCatalogLite-API";
		};
/* End XCSwiftPackageProductDependency section */
	};
	rootObject = C8A05D862433E7F700FD2345 /* Project object */;
}
